
Microsoft Visual Studio Solution File, Format Version 12.00
# Visual Studio Version 17
VisualStudioVersion = 17.1.32228.430
MinimumVisualStudioVersion = 10.0.40219.1
Project("{9A19103F-16F7-4668-BE54-9A1E7A4F7556}") = "Catalog", "Catalog\Catalog.csproj", "{1FF46318-1385-4E36-A300-48F906CD2FDF}"
EndProject
Project("{FAE04EC0-301F-11D3-BF4B-00C04F79EFBC}") = "CatalogTest", "CatalogTest\CatalogTest.csproj", "{5590C432-1CB6-4203-BC0D-591CB4F169E5}"
EndProject
Project("{FAE04EC0-301F-11D3-BF4B-00C04F79EFBC}") = "CatalogFunctionalTest", "CatalogFunctionalTest\CatalogFunctionalTest.csproj", "{816C60F8-1441-416D-A2DF-8437B8070984}"
EndProject
Global
	GlobalSection(SolutionConfigurationPlatforms) = preSolution
		Debug|Any CPU = Debug|Any CPU
		Release|Any CPU = Release|Any CPU
	EndGlobalSection
	GlobalSection(ProjectConfigurationPlatforms) = postSolution
		{1FF46318-1385-4E36-A300-48F906CD2FDF}.Debug|Any CPU.ActiveCfg = Debug|Any CPU
		{1FF46318-1385-4E36-A300-48F906CD2FDF}.Debug|Any CPU.Build.0 = Debug|Any CPU
		{1FF46318-1385-4E36-A300-48F906CD2FDF}.Release|Any CPU.ActiveCfg = Release|Any CPU
		{1FF46318-1385-4E36-A300-48F906CD2FDF}.Release|Any CPU.Build.0 = Release|Any CPU
		{5590C432-1CB6-4203-BC0D-591CB4F169E5}.Debug|Any CPU.ActiveCfg = Debug|Any CPU
		{5590C432-1CB6-4203-BC0D-591CB4F169E5}.Debug|Any CPU.Build.0 = Debug|Any CPU
		{5590C432-1CB6-4203-BC0D-591CB4F169E5}.Release|Any CPU.ActiveCfg = Release|Any CPU
		{5590C432-1CB6-4203-BC0D-591CB4F169E5}.Release|Any CPU.Build.0 = Release|Any CPU
		{816C60F8-1441-416D-A2DF-8437B8070984}.Debug|Any CPU.ActiveCfg = Debug|Any CPU
		{816C60F8-1441-416D-A2DF-8437B8070984}.Debug|Any CPU.Build.0 = Debug|Any CPU
		{816C60F8-1441-416D-A2DF-8437B8070984}.Release|Any CPU.ActiveCfg = Release|Any CPU
		{816C60F8-1441-416D-A2DF-8437B8070984}.Release|Any CPU.Build.0 = Release|Any CPU
	EndGlobalSection
	GlobalSection(SolutionProperties) = preSolution
		HideSolutionNode = FALSE
	EndGlobalSection
	GlobalSection(ExtensibilityGlobals) = postSolution
		SolutionGuid = {62111BE9-656B-45AE-A8E5-4AB2F6031F7A}
	EndGlobalSection
EndGlobal
